{
  "requires": true,
  "lockfileVersion": 1,
  "dependencies": {
    "chart.js": {
      "version": "3.7.1",
      "resolved": "https://registry.npmjs.org/chart.js/-/chart.js-3.7.1.tgz",
      "integrity": "sha512-8knRegQLFnPQAheZV8MjxIXc5gQEfDFD897BJgv/klO/vtIyFFmgMXrNfgrXpbTr/XbTturxRgxIXx/Y+ASJBA=="
    },
    "chartjs-adapter-date-fns": {
      "version": "2.0.0",
      "resolved": "https://registry.npmjs.org/chartjs-adapter-date-fns/-/chartjs-adapter-date-fns-2.0.0.tgz",
      "integrity": "sha512-rmZINGLe+9IiiEB0kb57vH3UugAtYw33anRiw5kS2Tu87agpetDDoouquycWc9pRsKtQo5j+vLsYHyr8etAvFw=="
    },
    "chartkick": {
      "version": "4.0.5",
      "resolved": "https://registry.npmjs.org/chartkick/-/chartkick-4.0.5.tgz",
      "integrity": "sha512-xKak4Fsgfvp1hj/LykRKkniDMaZASx2A4TdVc/sfsiNFFNf1m+D7PGwP1vgj1UsbsCjOCSfGWWyJpOYxkUCBug==",
      "requires": {
        "chart.js": ">=3.0.2",
        "chartjs-adapter-date-fns": ">=2.0.0",
        "date-fns": ">=2.0.0"
      }
    },
    "date-fns": {
      "version": "2.23.0",
      "resolved": "https://registry.npmjs.org/date-fns/-/date-fns-2.23.0.tgz",
      "integrity": "sha512-5ycpauovVyAk0kXNZz6ZoB9AYMZB4DObse7P3BPWmyEjXNORTI8EJ6X0uaSAq4sCHzM1uajzrkr6HnsLQpxGXA=="
    },
    "vue-chartkick": {
      "version": "1.1.0",
      "resolved": "https://registry.npmjs.org/vue-chartkick/-/vue-chartkick-1.1.0.tgz",
      "integrity": "sha512-6kn50SX5qk8BV1HiFK82XEjxcP0SG7PBHkSwJoCZT+Bsjv67IEnbk0G/iygA5XodIvRLzTUvYZs2oQ+uB4efEw==",
      "requires": {
        "chartkick": ">=3.2.0"
      }
    }
  }
}
